
Microsoft Visual Studio Solution File, Format Version 12.00
Project("{FAE04EC0-301F-11D3-BF4B-00C04F79EFBC}") = "RawDataFilter", "RawDataFilter\RawDataFilter.csproj", "{DFC8ACD2-D738-4B0D-963F-83FF10990BBF}"
EndProject
Project("{FAE04EC0-301F-11D3-BF4B-00C04F79EFBC}") = "RawDataFilterCommand", "RawDataFilterCommand\RawDataFilterCommand.csproj", "{ED998C9D-44EF-41B6-B25E-96F145508B7F}"
EndProject
Project("{FAE04EC0-301F-11D3-BF4B-00C04F79EFBC}") = "RawDataFilterEngine", "RawDataFilterEngine\RawDataFilterEngine.csproj", "{94109C6E-1D7F-474E-AB69-BCEAC32475FF}"
EndProject
Project("{FAE04EC0-301F-11D3-BF4B-00C04F79EFBC}") = "TestImplementation", "TestImplementation\TestImplementation.csproj", "{4DE3CFC2-5993-44E2-A05A-575FB57C00DA}"
EndProject
Global
	GlobalSection(SolutionConfigurationPlatforms) = preSolution
		Debug|Any CPU = Debug|Any CPU
		Release|Any CPU = Release|Any CPU
	EndGlobalSection
	GlobalSection(ProjectConfigurationPlatforms) = postSolution
		{DFC8ACD2-D738-4B0D-963F-83FF10990BBF}.Debug|Any CPU.ActiveCfg = Debug|Any CPU
		{DFC8ACD2-D738-4B0D-963F-83FF10990BBF}.Debug|Any CPU.Build.0 = Debug|Any CPU
		{DFC8ACD2-D738-4B0D-963F-83FF10990BBF}.Release|Any CPU.ActiveCfg = Release|Any CPU
		{DFC8ACD2-D738-4B0D-963F-83FF10990BBF}.Release|Any CPU.Build.0 = Release|Any CPU
		{ED998C9D-44EF-41B6-B25E-96F145508B7F}.Debug|Any CPU.ActiveCfg = Debug|Any CPU
		{ED998C9D-44EF-41B6-B25E-96F145508B7F}.Debug|Any CPU.Build.0 = Debug|Any CPU
		{ED998C9D-44EF-41B6-B25E-96F145508B7F}.Release|Any CPU.ActiveCfg = Release|Any CPU
		{ED998C9D-44EF-41B6-B25E-96F145508B7F}.Release|Any CPU.Build.0 = Release|Any CPU
		{94109C6E-1D7F-474E-AB69-BCEAC32475FF}.Debug|Any CPU.ActiveCfg = Debug|Any CPU
		{94109C6E-1D7F-474E-AB69-BCEAC32475FF}.Debug|Any CPU.Build.0 = Debug|Any CPU
		{94109C6E-1D7F-474E-AB69-BCEAC32475FF}.Release|Any CPU.ActiveCfg = Release|Any CPU
		{94109C6E-1D7F-474E-AB69-BCEAC32475FF}.Release|Any CPU.Build.0 = Release|Any CPU
		{4DE3CFC2-5993-44E2-A05A-575FB57C00DA}.Debug|Any CPU.ActiveCfg = Debug|Any CPU
		{4DE3CFC2-5993-44E2-A05A-575FB57C00DA}.Debug|Any CPU.Build.0 = Debug|Any CPU
		{4DE3CFC2-5993-44E2-A05A-575FB57C00DA}.Release|Any CPU.ActiveCfg = Release|Any CPU
		{4DE3CFC2-5993-44E2-A05A-575FB57C00DA}.Release|Any CPU.Build.0 = Release|Any CPU
	EndGlobalSection
EndGlobal
