
Microsoft Visual Studio Solution File, Format Version 12.00
Project("{FAE04EC0-301F-11D3-BF4B-00C04F79EFBC}") = "RawDataFilter", "RawDataFilter\RawDataFilter.csproj", "{DFC8ACD2-D738-4B0D-963F-83FF10990BBF}"
EndProject
Project("{FAE04EC0-301F-11D3-BF4B-00C04F79EFBC}") = "RawDataFilterCommand", "RawDataFilterCommand\RawDataFilterCommand.csproj", "{ED998C9D-44EF-41B6-B25E-96F145508B7F}"
EndProject
Global
	GlobalSection(SolutionConfigurationPlatforms) = preSolution
		Debug|Any CPU = Debug|Any CPU
		Release|Any CPU = Release|Any CPU
	EndGlobalSection
	GlobalSection(ProjectConfigurationPlatforms) = postSolution
		{DFC8ACD2-D738-4B0D-963F-83FF10990BBF}.Debug|Any CPU.ActiveCfg = Debug|Any CPU
		{DFC8ACD2-D738-4B0D-963F-83FF10990BBF}.Debug|Any CPU.Build.0 = Debug|Any CPU
		{DFC8ACD2-D738-4B0D-963F-83FF10990BBF}.Release|Any CPU.ActiveCfg = Release|Any CPU
		{DFC8ACD2-D738-4B0D-963F-83FF10990BBF}.Release|Any CPU.Build.0 = Release|Any CPU
		{ED998C9D-44EF-41B6-B25E-96F145508B7F}.Debug|Any CPU.ActiveCfg = Debug|Any CPU
		{ED998C9D-44EF-41B6-B25E-96F145508B7F}.Debug|Any CPU.Build.0 = Debug|Any CPU
		{ED998C9D-44EF-41B6-B25E-96F145508B7F}.Release|Any CPU.ActiveCfg = Release|Any CPU
		{ED998C9D-44EF-41B6-B25E-96F145508B7F}.Release|Any CPU.Build.0 = Release|Any CPU
	EndGlobalSection
EndGlobal
